
Microsoft Visual Studio Solution File, Format Version 12.00
# Visual Studio Version 17
VisualStudioVersion = 17.5.33424.131
MinimumVisualStudioVersion = 10.0.40219.1
Project("{FAE04EC0-301F-11D3-BF4B-00C04F79EFBC}") = "prototype2.Android", "prototype2.Android\prototype2.Android.csproj", "{4453DFDE-145D-4F2B-AE34-F6A80E4AC639}"
EndProject
Project("{FAE04EC0-301F-11D3-BF4B-00C04F79EFBC}") = "prototype2.iOS", "prototype2.iOS\prototype2.iOS.csproj", "{E5946176-4E6E-4D08-88EB-DCB6AA1A2952}"
EndProject
Project("{FAE04EC0-301F-11D3-BF4B-00C04F79EFBC}") = "prototype2", "prototype2\prototype2.csproj", "{5F3363CB-5FB6-4A9F-B5CC-416B3DF419AA}"
EndProject
Global
	GlobalSection(SolutionConfigurationPlatforms) = preSolution
		Debug|Any CPU = Debug|Any CPU
		Debug|iPhone = Debug|iPhone
		Debug|iPhoneSimulator = Debug|iPhoneSimulator
		Release|Any CPU = Release|Any CPU
		Release|iPhone = Release|iPhone
		Release|iPhoneSimulator = Release|iPhoneSimulator
	EndGlobalSection
	GlobalSection(ProjectConfigurationPlatforms) = postSolution
		{4453DFDE-145D-4F2B-AE34-F6A80E4AC639}.Debug|Any CPU.ActiveCfg = Debug|Any CPU
		{4453DFDE-145D-4F2B-AE34-F6A80E4AC639}.Debug|Any CPU.Build.0 = Debug|Any CPU
		{4453DFDE-145D-4F2B-AE34-F6A80E4AC639}.Debug|Any CPU.Deploy.0 = Debug|Any CPU
		{4453DFDE-145D-4F2B-AE34-F6A80E4AC639}.Debug|iPhone.ActiveCfg = Debug|Any CPU
		{4453DFDE-145D-4F2B-AE34-F6A80E4AC639}.Debug|iPhone.Build.0 = Debug|Any CPU
		{4453DFDE-145D-4F2B-AE34-F6A80E4AC639}.Debug|iPhone.Deploy.0 = Debug|Any CPU
		{4453DFDE-145D-4F2B-AE34-F6A80E4AC639}.Debug|iPhoneSimulator.ActiveCfg = Debug|Any CPU
		{4453DFDE-145D-4F2B-AE34-F6A80E4AC639}.Debug|iPhoneSimulator.Build.0 = Debug|Any CPU
		{4453DFDE-145D-4F2B-AE34-F6A80E4AC639}.Debug|iPhoneSimulator.Deploy.0 = Debug|Any CPU
		{4453DFDE-145D-4F2B-AE34-F6A80E4AC639}.Release|Any CPU.ActiveCfg = Release|Any CPU
		{4453DFDE-145D-4F2B-AE34-F6A80E4AC639}.Release|Any CPU.Build.0 = Release|Any CPU
		{4453DFDE-145D-4F2B-AE34-F6A80E4AC639}.Release|Any CPU.Deploy.0 = Release|Any CPU
		{4453DFDE-145D-4F2B-AE34-F6A80E4AC639}.Release|iPhone.ActiveCfg = Release|Any CPU
		{4453DFDE-145D-4F2B-AE34-F6A80E4AC639}.Release|iPhone.Build.0 = Release|Any CPU
		{4453DFDE-145D-4F2B-AE34-F6A80E4AC639}.Release|iPhone.Deploy.0 = Release|Any CPU
		{4453DFDE-145D-4F2B-AE34-F6A80E4AC639}.Release|iPhoneSimulator.ActiveCfg = Release|Any CPU
		{4453DFDE-145D-4F2B-AE34-F6A80E4AC639}.Release|iPhoneSimulator.Build.0 = Release|Any CPU
		{4453DFDE-145D-4F2B-AE34-F6A80E4AC639}.Release|iPhoneSimulator.Deploy.0 = Release|Any CPU
		{E5946176-4E6E-4D08-88EB-DCB6AA1A2952}.Debug|Any CPU.ActiveCfg = Debug|iPhone
		{E5946176-4E6E-4D08-88EB-DCB6AA1A2952}.Debug|Any CPU.Build.0 = Debug|iPhone
		{E5946176-4E6E-4D08-88EB-DCB6AA1A2952}.Debug|Any CPU.Deploy.0 = Debug|iPhone
		{E5946176-4E6E-4D08-88EB-DCB6AA1A2952}.Debug|iPhone.ActiveCfg = Debug|iPhone
		{E5946176-4E6E-4D08-88EB-DCB6AA1A2952}.Debug|iPhone.Build.0 = Debug|iPhone
		{E5946176-4E6E-4D08-88EB-DCB6AA1A2952}.Debug|iPhone.Deploy.0 = Debug|iPhone
		{E5946176-4E6E-4D08-88EB-DCB6AA1A2952}.Debug|iPhoneSimulator.ActiveCfg = Debug|iPhoneSimulator
		{E5946176-4E6E-4D08-88EB-DCB6AA1A2952}.Debug|iPhoneSimulator.Build.0 = Debug|iPhoneSimulator
		{E5946176-4E6E-4D08-88EB-DCB6AA1A2952}.Debug|iPhoneSimulator.Deploy.0 = Debug|iPhoneSimulator
		{E5946176-4E6E-4D08-88EB-DCB6AA1A2952}.Release|Any CPU.ActiveCfg = Release|iPhoneSimulator
		{E5946176-4E6E-4D08-88EB-DCB6AA1A2952}.Release|Any CPU.Build.0 = Release|iPhoneSimulator
		{E5946176-4E6E-4D08-88EB-DCB6AA1A2952}.Release|Any CPU.Deploy.0 = Release|iPhoneSimulator
		{E5946176-4E6E-4D08-88EB-DCB6AA1A2952}.Release|iPhone.ActiveCfg = Release|iPhone
		{E5946176-4E6E-4D08-88EB-DCB6AA1A2952}.Release|iPhone.Build.0 = Release|iPhone
		{E5946176-4E6E-4D08-88EB-DCB6AA1A2952}.Release|iPhone.Deploy.0 = Release|iPhone
		{E5946176-4E6E-4D08-88EB-DCB6AA1A2952}.Release|iPhoneSimulator.ActiveCfg = Release|iPhoneSimulator
		{E5946176-4E6E-4D08-88EB-DCB6AA1A2952}.Release|iPhoneSimulator.Build.0 = Release|iPhoneSimulator
		{E5946176-4E6E-4D08-88EB-DCB6AA1A2952}.Release|iPhoneSimulator.Deploy.0 = Release|iPhoneSimulator
		{5F3363CB-5FB6-4A9F-B5CC-416B3DF419AA}.Debug|Any CPU.ActiveCfg = Debug|Any CPU
		{5F3363CB-5FB6-4A9F-B5CC-416B3DF419AA}.Debug|Any CPU.Build.0 = Debug|Any CPU
		{5F3363CB-5FB6-4A9F-B5CC-416B3DF419AA}.Debug|Any CPU.Deploy.0 = Debug|Any CPU
		{5F3363CB-5FB6-4A9F-B5CC-416B3DF419AA}.Debug|iPhone.ActiveCfg = Debug|Any CPU
		{5F3363CB-5FB6-4A9F-B5CC-416B3DF419AA}.Debug|iPhone.Build.0 = Debug|Any CPU
		{5F3363CB-5FB6-4A9F-B5CC-416B3DF419AA}.Debug|iPhone.Deploy.0 = Debug|Any CPU
		{5F3363CB-5FB6-4A9F-B5CC-416B3DF419AA}.Debug|iPhoneSimulator.ActiveCfg = Debug|Any CPU
		{5F3363CB-5FB6-4A9F-B5CC-416B3DF419AA}.Debug|iPhoneSimulator.Build.0 = Debug|Any CPU
		{5F3363CB-5FB6-4A9F-B5CC-416B3DF419AA}.Debug|iPhoneSimulator.Deploy.0 = Debug|Any CPU
		{5F3363CB-5FB6-4A9F-B5CC-416B3DF419AA}.Release|Any CPU.ActiveCfg = Release|Any CPU
		{5F3363CB-5FB6-4A9F-B5CC-416B3DF419AA}.Release|Any CPU.Build.0 = Release|Any CPU
		{5F3363CB-5FB6-4A9F-B5CC-416B3DF419AA}.Release|Any CPU.Deploy.0 = Release|Any CPU
		{5F3363CB-5FB6-4A9F-B5CC-416B3DF419AA}.Release|iPhone.ActiveCfg = Release|Any CPU
		{5F3363CB-5FB6-4A9F-B5CC-416B3DF419AA}.Release|iPhone.Build.0 = Release|Any CPU
		{5F3363CB-5FB6-4A9F-B5CC-416B3DF419AA}.Release|iPhone.Deploy.0 = Release|Any CPU
		{5F3363CB-5FB6-4A9F-B5CC-416B3DF419AA}.Release|iPhoneSimulator.ActiveCfg = Release|Any CPU
		{5F3363CB-5FB6-4A9F-B5CC-416B3DF419AA}.Release|iPhoneSimulator.Build.0 = Release|Any CPU
		{5F3363CB-5FB6-4A9F-B5CC-416B3DF419AA}.Release|iPhoneSimulator.Deploy.0 = Release|Any CPU
	EndGlobalSection
	GlobalSection(SolutionProperties) = preSolution
		HideSolutionNode = FALSE
	EndGlobalSection
	GlobalSection(ExtensibilityGlobals) = postSolution
		SolutionGuid = {7FB4CCD8-9ACA-4D73-A529-CDA24E84733C}
	EndGlobalSection
EndGlobal
