
Microsoft Visual Studio Solution File, Format Version 12.00
# Visual Studio Version 17
VisualStudioVersion = 17.5.33424.131
MinimumVisualStudioVersion = 10.0.40219.1
Project("{FAE04EC0-301F-11D3-BF4B-00C04F79EFBC}") = "prototype2xamarin.Android", "prototype2xamarin.Android\prototype2xamarin.Android.csproj", "{5C8E07ED-8BA1-496A-A242-524383DA950B}"
EndProject
Project("{FAE04EC0-301F-11D3-BF4B-00C04F79EFBC}") = "prototype2xamarin.iOS", "prototype2xamarin.iOS\prototype2xamarin.iOS.csproj", "{9BF683F3-182E-42ED-9B95-B57FD2737E2C}"
EndProject
Project("{FAE04EC0-301F-11D3-BF4B-00C04F79EFBC}") = "prototype2xamarin", "prototype2xamarin\prototype2xamarin.csproj", "{72A3AD95-118E-4E91-9F51-F352CE586BE2}"
EndProject
Global
	GlobalSection(SolutionConfigurationPlatforms) = preSolution
		Debug|Any CPU = Debug|Any CPU
		Debug|iPhone = Debug|iPhone
		Debug|iPhoneSimulator = Debug|iPhoneSimulator
		Release|Any CPU = Release|Any CPU
		Release|iPhone = Release|iPhone
		Release|iPhoneSimulator = Release|iPhoneSimulator
	EndGlobalSection
	GlobalSection(ProjectConfigurationPlatforms) = postSolution
		{5C8E07ED-8BA1-496A-A242-524383DA950B}.Debug|Any CPU.ActiveCfg = Debug|Any CPU
		{5C8E07ED-8BA1-496A-A242-524383DA950B}.Debug|Any CPU.Build.0 = Debug|Any CPU
		{5C8E07ED-8BA1-496A-A242-524383DA950B}.Debug|Any CPU.Deploy.0 = Debug|Any CPU
		{5C8E07ED-8BA1-496A-A242-524383DA950B}.Debug|iPhone.ActiveCfg = Debug|Any CPU
		{5C8E07ED-8BA1-496A-A242-524383DA950B}.Debug|iPhone.Build.0 = Debug|Any CPU
		{5C8E07ED-8BA1-496A-A242-524383DA950B}.Debug|iPhone.Deploy.0 = Debug|Any CPU
		{5C8E07ED-8BA1-496A-A242-524383DA950B}.Debug|iPhoneSimulator.ActiveCfg = Debug|Any CPU
		{5C8E07ED-8BA1-496A-A242-524383DA950B}.Debug|iPhoneSimulator.Build.0 = Debug|Any CPU
		{5C8E07ED-8BA1-496A-A242-524383DA950B}.Debug|iPhoneSimulator.Deploy.0 = Debug|Any CPU
		{5C8E07ED-8BA1-496A-A242-524383DA950B}.Release|Any CPU.ActiveCfg = Release|Any CPU
		{5C8E07ED-8BA1-496A-A242-524383DA950B}.Release|Any CPU.Build.0 = Release|Any CPU
		{5C8E07ED-8BA1-496A-A242-524383DA950B}.Release|Any CPU.Deploy.0 = Release|Any CPU
		{5C8E07ED-8BA1-496A-A242-524383DA950B}.Release|iPhone.ActiveCfg = Release|Any CPU
		{5C8E07ED-8BA1-496A-A242-524383DA950B}.Release|iPhone.Build.0 = Release|Any CPU
		{5C8E07ED-8BA1-496A-A242-524383DA950B}.Release|iPhone.Deploy.0 = Release|Any CPU
		{5C8E07ED-8BA1-496A-A242-524383DA950B}.Release|iPhoneSimulator.ActiveCfg = Release|Any CPU
		{5C8E07ED-8BA1-496A-A242-524383DA950B}.Release|iPhoneSimulator.Build.0 = Release|Any CPU
		{5C8E07ED-8BA1-496A-A242-524383DA950B}.Release|iPhoneSimulator.Deploy.0 = Release|Any CPU
		{9BF683F3-182E-42ED-9B95-B57FD2737E2C}.Debug|Any CPU.ActiveCfg = Debug|iPhone
		{9BF683F3-182E-42ED-9B95-B57FD2737E2C}.Debug|Any CPU.Build.0 = Debug|iPhone
		{9BF683F3-182E-42ED-9B95-B57FD2737E2C}.Debug|Any CPU.Deploy.0 = Debug|iPhone
		{9BF683F3-182E-42ED-9B95-B57FD2737E2C}.Debug|iPhone.ActiveCfg = Debug|iPhone
		{9BF683F3-182E-42ED-9B95-B57FD2737E2C}.Debug|iPhone.Build.0 = Debug|iPhone
		{9BF683F3-182E-42ED-9B95-B57FD2737E2C}.Debug|iPhone.Deploy.0 = Debug|iPhone
		{9BF683F3-182E-42ED-9B95-B57FD2737E2C}.Debug|iPhoneSimulator.ActiveCfg = Debug|iPhoneSimulator
		{9BF683F3-182E-42ED-9B95-B57FD2737E2C}.Debug|iPhoneSimulator.Build.0 = Debug|iPhoneSimulator
		{9BF683F3-182E-42ED-9B95-B57FD2737E2C}.Debug|iPhoneSimulator.Deploy.0 = Debug|iPhoneSimulator
		{9BF683F3-182E-42ED-9B95-B57FD2737E2C}.Release|Any CPU.ActiveCfg = Release|iPhoneSimulator
		{9BF683F3-182E-42ED-9B95-B57FD2737E2C}.Release|Any CPU.Build.0 = Release|iPhoneSimulator
		{9BF683F3-182E-42ED-9B95-B57FD2737E2C}.Release|Any CPU.Deploy.0 = Release|iPhoneSimulator
		{9BF683F3-182E-42ED-9B95-B57FD2737E2C}.Release|iPhone.ActiveCfg = Release|iPhone
		{9BF683F3-182E-42ED-9B95-B57FD2737E2C}.Release|iPhone.Build.0 = Release|iPhone
		{9BF683F3-182E-42ED-9B95-B57FD2737E2C}.Release|iPhone.Deploy.0 = Release|iPhone
		{9BF683F3-182E-42ED-9B95-B57FD2737E2C}.Release|iPhoneSimulator.ActiveCfg = Release|iPhoneSimulator
		{9BF683F3-182E-42ED-9B95-B57FD2737E2C}.Release|iPhoneSimulator.Build.0 = Release|iPhoneSimulator
		{9BF683F3-182E-42ED-9B95-B57FD2737E2C}.Release|iPhoneSimulator.Deploy.0 = Release|iPhoneSimulator
		{72A3AD95-118E-4E91-9F51-F352CE586BE2}.Debug|Any CPU.ActiveCfg = Debug|Any CPU
		{72A3AD95-118E-4E91-9F51-F352CE586BE2}.Debug|Any CPU.Build.0 = Debug|Any CPU
		{72A3AD95-118E-4E91-9F51-F352CE586BE2}.Debug|Any CPU.Deploy.0 = Debug|Any CPU
		{72A3AD95-118E-4E91-9F51-F352CE586BE2}.Debug|iPhone.ActiveCfg = Debug|Any CPU
		{72A3AD95-118E-4E91-9F51-F352CE586BE2}.Debug|iPhone.Build.0 = Debug|Any CPU
		{72A3AD95-118E-4E91-9F51-F352CE586BE2}.Debug|iPhone.Deploy.0 = Debug|Any CPU
		{72A3AD95-118E-4E91-9F51-F352CE586BE2}.Debug|iPhoneSimulator.ActiveCfg = Debug|Any CPU
		{72A3AD95-118E-4E91-9F51-F352CE586BE2}.Debug|iPhoneSimulator.Build.0 = Debug|Any CPU
		{72A3AD95-118E-4E91-9F51-F352CE586BE2}.Debug|iPhoneSimulator.Deploy.0 = Debug|Any CPU
		{72A3AD95-118E-4E91-9F51-F352CE586BE2}.Release|Any CPU.ActiveCfg = Release|Any CPU
		{72A3AD95-118E-4E91-9F51-F352CE586BE2}.Release|Any CPU.Build.0 = Release|Any CPU
		{72A3AD95-118E-4E91-9F51-F352CE586BE2}.Release|Any CPU.Deploy.0 = Release|Any CPU
		{72A3AD95-118E-4E91-9F51-F352CE586BE2}.Release|iPhone.ActiveCfg = Release|Any CPU
		{72A3AD95-118E-4E91-9F51-F352CE586BE2}.Release|iPhone.Build.0 = Release|Any CPU
		{72A3AD95-118E-4E91-9F51-F352CE586BE2}.Release|iPhone.Deploy.0 = Release|Any CPU
		{72A3AD95-118E-4E91-9F51-F352CE586BE2}.Release|iPhoneSimulator.ActiveCfg = Release|Any CPU
		{72A3AD95-118E-4E91-9F51-F352CE586BE2}.Release|iPhoneSimulator.Build.0 = Release|Any CPU
		{72A3AD95-118E-4E91-9F51-F352CE586BE2}.Release|iPhoneSimulator.Deploy.0 = Release|Any CPU
	EndGlobalSection
	GlobalSection(SolutionProperties) = preSolution
		HideSolutionNode = FALSE
	EndGlobalSection
	GlobalSection(ExtensibilityGlobals) = postSolution
		SolutionGuid = {F093EAD6-A4CF-4A4F-8C0F-F789BC5663BA}
	EndGlobalSection
EndGlobal
