
Microsoft Visual Studio Solution File, Format Version 12.00
# Visual Studio Version 17
VisualStudioVersion = 17.5.33424.131
MinimumVisualStudioVersion = 10.0.40219.1
Project("{FAE04EC0-301F-11D3-BF4B-00C04F79EFBC}") = "formsapp1", "formsapp1.csproj", "{8DB5A7D6-468B-431A-ABAA-C3F32E50FE16}"
EndProject
Global
	GlobalSection(SolutionConfigurationPlatforms) = preSolution
		Debug|Any CPU = Debug|Any CPU
		Release|Any CPU = Release|Any CPU
	EndGlobalSection
	GlobalSection(ProjectConfigurationPlatforms) = postSolution
		{8DB5A7D6-468B-431A-ABAA-C3F32E50FE16}.Debug|Any CPU.ActiveCfg = Debug|Any CPU
		{8DB5A7D6-468B-431A-ABAA-C3F32E50FE16}.Debug|Any CPU.Build.0 = Debug|Any CPU
		{8DB5A7D6-468B-431A-ABAA-C3F32E50FE16}.Release|Any CPU.ActiveCfg = Release|Any CPU
		{8DB5A7D6-468B-431A-ABAA-C3F32E50FE16}.Release|Any CPU.Build.0 = Release|Any CPU
	EndGlobalSection
	GlobalSection(SolutionProperties) = preSolution
		HideSolutionNode = FALSE
	EndGlobalSection
	GlobalSection(ExtensibilityGlobals) = postSolution
		SolutionGuid = {B7A0A9FE-1D9B-4598-A96F-FBE4216395D9}
	EndGlobalSection
EndGlobal
